// !$*UTF8*$!
{
	archiveVersion = 1;
	classes = {
	};
	objectVersion = 56;
	objects = {

/* Begin PBXBuildFile section */
		3B0B15052BEE709B00E91AEE /* AwayPitcherView.swift in Sources */ = {isa = PBXBuildFile; fileRef = 3B0B15042BEE709B00E91AEE /* AwayPitcherView.swift */; };
		3B0B15072BEECAE800E91AEE /* HomePitcherView.swift in Sources */ = {isa = PBXBuildFile; fileRef = 3B0B15062BEECAE800E91AEE /* HomePitcherView.swift */; };
		3B0B15092BEECBE800E91AEE /* HomeCell.swift in Sources */ = {isa = PBXBuildFile; fileRef = 3B0B15082BEECBE800E91AEE /* HomeCell.swift */; };
		3B0B150B2BEECC7800E91AEE /* ClubView.swift in Sources */ = {isa = PBXBuildFile; fileRef = 3B0B150A2BEECC7800E91AEE /* ClubView.swift */; };
		3B0B150D2BEED5FA00E91AEE /* ScoreView.swift in Sources */ = {isa = PBXBuildFile; fileRef = 3B0B150C2BEED5FA00E91AEE /* ScoreView.swift */; };
		3B0B150F2BEF1B4500E91AEE /* OutCountView.swift in Sources */ = {isa = PBXBuildFile; fileRef = 3B0B150E2BEF1B4500E91AEE /* OutCountView.swift */; };
		3B0B15112BF00E9700E91AEE /* BoxScoreView1.swift in Sources */ = {isa = PBXBuildFile; fileRef = 3B0B15102BF00E9700E91AEE /* BoxScoreView1.swift */; };
		3B0B15132BF0A5AC00E91AEE /* DiamondGroundView.swift in Sources */ = {isa = PBXBuildFile; fileRef = 3B0B15122BF0A5AC00E91AEE /* DiamondGroundView.swift */; };
		3B0B15152BF3921600E91AEE /* BoxScoreView.swift in Sources */ = {isa = PBXBuildFile; fileRef = 3B0B15142BF3921600E91AEE /* BoxScoreView.swift */; };
		3B0B15172BF4B67300E91AEE /* PitcherBoxScoreView.swift in Sources */ = {isa = PBXBuildFile; fileRef = 3B0B15162BF4B67300E91AEE /* PitcherBoxScoreView.swift */; };
		3B0B15192BF6325300E91AEE /* Teams.swift in Sources */ = {isa = PBXBuildFile; fileRef = 3B0B15182BF6325300E91AEE /* Teams.swift */; };
		3B0B151C2BF7E98200E91AEE /* WidgetLiveStatusView.swift in Sources */ = {isa = PBXBuildFile; fileRef = 3B0B151A2BF7E97E00E91AEE /* WidgetLiveStatusView.swift */; };
		3B0B151D2BF817A700E91AEE /* Teams.swift in Sources */ = {isa = PBXBuildFile; fileRef = 3B0B15182BF6325300E91AEE /* Teams.swift */; };
		3B0B15202BF88AFD00E91AEE /* WLiveView.swift in Sources */ = {isa = PBXBuildFile; fileRef = 3B0B151F2BF88AFD00E91AEE /* WLiveView.swift */; };
		3B0B15222BF88C4B00E91AEE /* WNextGameView.swift in Sources */ = {isa = PBXBuildFile; fileRef = 3B0B15212BF88C4B00E91AEE /* WNextGameView.swift */; };
		3B5847FD2BF9ECF500098ABF /* WFinalView.swift in Sources */ = {isa = PBXBuildFile; fileRef = 3B5847FC2BF9ECF500098ABF /* WFinalView.swift */; };
		3B5847FE2BF9F39F00098ABF /* WNextGameView.swift in Sources */ = {isa = PBXBuildFile; fileRef = 3B0B15212BF88C4B00E91AEE /* WNextGameView.swift */; };
		3BAFBCE62BF73D100077FB82 /* TeamScheduleView.swift in Sources */ = {isa = PBXBuildFile; fileRef = 3BAFBCE52BF73D100077FB82 /* TeamScheduleView.swift */; };
		3BAFBCEA2BF73EA50077FB82 /* TeamScheduleSidebarView.swift in Sources */ = {isa = PBXBuildFile; fileRef = 3BAFBCE92BF73EA50077FB82 /* TeamScheduleSidebarView.swift */; };
		3BAFBCEB2BF746B30077FB82 /* TeamScheduleProvider.swift in Sources */ = {isa = PBXBuildFile; fileRef = 3BCADD452BF6DA4300340FAD /* TeamScheduleProvider.swift */; };
		3BAFBCEC2BF746BD0077FB82 /* ScheduleProvider.swift in Sources */ = {isa = PBXBuildFile; fileRef = 3BDBEF9A2BF1B24F0093592E /* ScheduleProvider.swift */; };
		3BAFBCEF2BF747270077FB82 /* SwiftDate in Frameworks */ = {isa = PBXBuildFile; productRef = 3BAFBCEE2BF747270077FB82 /* SwiftDate */; };
		3BAFBCF02BF747520077FB82 /* LiveGameProvider.swift in Sources */ = {isa = PBXBuildFile; fileRef = 3BDBEFA62BF1F4270093592E /* LiveGameProvider.swift */; };
		3BAFBCF22BF747810077FB82 /* WidgetProvider.swift in Sources */ = {isa = PBXBuildFile; fileRef = 3BAFBCF12BF747810077FB82 /* WidgetProvider.swift */; };
		3BAFBCF32BF748EA0077FB82 /* DailyViewModel.swift in Sources */ = {isa = PBXBuildFile; fileRef = 3BDBEFB02BF2FBA40093592E /* DailyViewModel.swift */; };
		3BB8C43F2BFAD4A4007F545D /* Intents.framework in Frameworks */ = {isa = PBXBuildFile; fileRef = 3BB8C43E2BFAD4A4007F545D /* Intents.framework */; };
		3BB8C4422BFAD4A4007F545D /* IntentHandler.swift in Sources */ = {isa = PBXBuildFile; fileRef = 3BB8C4412BFAD4A4007F545D /* IntentHandler.swift */; };
		3BB8C4462BFAD4A4007F545D /* MLBTeamIntents.appex in Embed Foundation Extensions */ = {isa = PBXBuildFile; fileRef = 3BB8C43D2BFAD4A4007F545D /* MLBTeamIntents.appex */; settings = {ATTRIBUTES = (RemoveHeadersOnCopy, ); }; };
		3BB8C44A2BFAD4B6007F545D /* IntentHandler.swift in Sources */ = {isa = PBXBuildFile; fileRef = 3BB8C4412BFAD4A4007F545D /* IntentHandler.swift */; };
		3BB8C44B2BFAD4C5007F545D /* Teams.swift in Sources */ = {isa = PBXBuildFile; fileRef = 3B0B15182BF6325300E91AEE /* Teams.swift */; };
		3BB8C44D2BFAD6AC007F545D /* TeamIntents.intentdefinition in Sources */ = {isa = PBXBuildFile; fileRef = 3BB8C44C2BFAD6AC007F545D /* TeamIntents.intentdefinition */; };
		3BB8C44E2BFAD6AC007F545D /* TeamIntents.intentdefinition in Sources */ = {isa = PBXBuildFile; fileRef = 3BB8C44C2BFAD6AC007F545D /* TeamIntents.intentdefinition */; };
		3BB8C44F2BFADAF9007F545D /* Assets.xcassets in Resources */ = {isa = PBXBuildFile; fileRef = 3BCADD3B2BF5C18300340FAD /* Assets.xcassets */; };
		3BB8C4512BFB077B007F545D /* WidgetProvider.swift in Sources */ = {isa = PBXBuildFile; fileRef = 3BAFBCF12BF747810077FB82 /* WidgetProvider.swift */; };
		3BB8C4572BFB1F78007F545D /* WidgetKit.framework in Frameworks */ = {isa = PBXBuildFile; fileRef = 3BCADD322BF5C18300340FAD /* WidgetKit.framework */; };
		3BB8C4582BFB1F78007F545D /* SwiftUI.framework in Frameworks */ = {isa = PBXBuildFile; fileRef = 3BCADD342BF5C18300340FAD /* SwiftUI.framework */; };
		3BB8C45B2BFB1F78007F545D /* LiveActivitiesBundle.swift in Sources */ = {isa = PBXBuildFile; fileRef = 3BB8C45A2BFB1F78007F545D /* LiveActivitiesBundle.swift */; };
		3BB8C45D2BFB1F78007F545D /* LiveActivitiesLiveActivity.swift in Sources */ = {isa = PBXBuildFile; fileRef = 3BB8C45C2BFB1F78007F545D /* LiveActivitiesLiveActivity.swift */; };
		3BB8C45F2BFB1F78007F545D /* LiveActivities.swift in Sources */ = {isa = PBXBuildFile; fileRef = 3BB8C45E2BFB1F78007F545D /* LiveActivities.swift */; };
		3BB8C4612BFB1F79007F545D /* Assets.xcassets in Resources */ = {isa = PBXBuildFile; fileRef = 3BB8C4602BFB1F79007F545D /* Assets.xcassets */; };
		3BB8C4652BFB1F79007F545D /* LiveActivitiesExtension.appex in Embed Foundation Extensions */ = {isa = PBXBuildFile; fileRef = 3BB8C4562BFB1F78007F545D /* LiveActivitiesExtension.appex */; settings = {ATTRIBUTES = (RemoveHeadersOnCopy, ); }; };
		3BB8C4692BFB2062007F545D /* LiveActivitiesLiveActivity.swift in Sources */ = {isa = PBXBuildFile; fileRef = 3BB8C45C2BFB1F78007F545D /* LiveActivitiesLiveActivity.swift */; };
		3BB8C46D2BFB4197007F545D /* MLBStatsProvider in Frameworks */ = {isa = PBXBuildFile; productRef = 3BB8C46C2BFB4197007F545D /* MLBStatsProvider */; };
		3BB8C46F2BFB41AC007F545D /* MLBResponse in Frameworks */ = {isa = PBXBuildFile; productRef = 3BB8C46E2BFB41AC007F545D /* MLBResponse */; };
		3BBAEA9C2BECB89800192FED /* MLBLiveScoreApp.swift in Sources */ = {isa = PBXBuildFile; fileRef = 3BBAEA9B2BECB89800192FED /* MLBLiveScoreApp.swift */; };
		3BBAEA9E2BECB89800192FED /* ContentView.swift in Sources */ = {isa = PBXBuildFile; fileRef = 3BBAEA9D2BECB89800192FED /* ContentView.swift */; };
		3BBAEAA02BECB89900192FED /* Assets.xcassets in Resources */ = {isa = PBXBuildFile; fileRef = 3BBAEA9F2BECB89900192FED /* Assets.xcassets */; };
		3BBAEAA42BECB89900192FED /* Preview Assets.xcassets in Resources */ = {isa = PBXBuildFile; fileRef = 3BBAEAA32BECB89900192FED /* Preview Assets.xcassets */; };
		3BBAEAAB2BECB8AF00192FED /* Network.swift in Sources */ = {isa = PBXBuildFile; fileRef = 3BBAEAAA2BECB8AF00192FED /* Network.swift */; };
		3BBAEAAD2BED91E800192FED /* Interactor.swift in Sources */ = {isa = PBXBuildFile; fileRef = 3BBAEAAC2BED91E800192FED /* Interactor.swift */; };
		3BBAEAB02BED935600192FED /* Kingfisher in Frameworks */ = {isa = PBXBuildFile; productRef = 3BBAEAAF2BED935600192FED /* Kingfisher */; };
		3BBAEAB32BED936F00192FED /* SwiftDate in Frameworks */ = {isa = PBXBuildFile; productRef = 3BBAEAB22BED936F00192FED /* SwiftDate */; };
		3BBAEAB52BEDA83600192FED /* Schedule.swift in Sources */ = {isa = PBXBuildFile; fileRef = 3BBAEAB42BEDA83600192FED /* Schedule.swift */; };
		3BBAEAB72BEDCB9100192FED /* Team.swift in Sources */ = {isa = PBXBuildFile; fileRef = 3BBAEAB62BEDCB9100192FED /* Team.swift */; };
		3BBAEAB92BEDD9F500192FED /* Cell.swift in Sources */ = {isa = PBXBuildFile; fileRef = 3BBAEAB82BEDD9F500192FED /* Cell.swift */; };
		3BBAEABB2BEDFA3100192FED /* Detail.swift in Sources */ = {isa = PBXBuildFile; fileRef = 3BBAEABA2BEDFA3100192FED /* Detail.swift */; };
		3BCADD332BF5C18300340FAD /* WidgetKit.framework in Frameworks */ = {isa = PBXBuildFile; fileRef = 3BCADD322BF5C18300340FAD /* WidgetKit.framework */; };
		3BCADD352BF5C18300340FAD /* SwiftUI.framework in Frameworks */ = {isa = PBXBuildFile; fileRef = 3BCADD342BF5C18300340FAD /* SwiftUI.framework */; };
		3BCADD382BF5C18300340FAD /* MLBLiveWidgetBundle.swift in Sources */ = {isa = PBXBuildFile; fileRef = 3BCADD372BF5C18300340FAD /* MLBLiveWidgetBundle.swift */; };
		3BCADD3A2BF5C18300340FAD /* MLBLiveWidget.swift in Sources */ = {isa = PBXBuildFile; fileRef = 3BCADD392BF5C18300340FAD /* MLBLiveWidget.swift */; };
		3BCADD3C2BF5C18300340FAD /* Assets.xcassets in Resources */ = {isa = PBXBuildFile; fileRef = 3BCADD3B2BF5C18300340FAD /* Assets.xcassets */; };
		3BCADD402BF5C18300340FAD /* MLBLiveWidgetExtension.appex in Embed Foundation Extensions */ = {isa = PBXBuildFile; fileRef = 3BCADD302BF5C18300340FAD /* MLBLiveWidgetExtension.appex */; settings = {ATTRIBUTES = (RemoveHeadersOnCopy, ); }; };
		3BCADD462BF6DA4300340FAD /* TeamScheduleProvider.swift in Sources */ = {isa = PBXBuildFile; fileRef = 3BCADD452BF6DA4300340FAD /* TeamScheduleProvider.swift */; };
		3BDBEF8A2BF18CA70093592E /* DailyScheduleView.swift in Sources */ = {isa = PBXBuildFile; fileRef = 3BDBEF892BF18CA70093592E /* DailyScheduleView.swift */; };
		3BDBEF8D2BF18D180093592E /* DailySidebar.swift in Sources */ = {isa = PBXBuildFile; fileRef = 3BDBEF8C2BF18D180093592E /* DailySidebar.swift */; };
		3BDBEF902BF1962D0093592E /* DailyDetailView.swift in Sources */ = {isa = PBXBuildFile; fileRef = 3BDBEF8F2BF1962D0093592E /* DailyDetailView.swift */; };
		3BDBEF922BF19FD60093592E /* ScoreboardView.swift in Sources */ = {isa = PBXBuildFile; fileRef = 3BDBEF912BF19FD60093592E /* ScoreboardView.swift */; };
		3BDBEF952BF1A6210093592E /* Scoreboard.swift in Sources */ = {isa = PBXBuildFile; fileRef = 3BDBEF942BF1A6210093592E /* Scoreboard.swift */; };
		3BDBEF992BF1B23B0093592E /* ScheduleResponse.swift in Sources */ = {isa = PBXBuildFile; fileRef = 3BDBEF982BF1B23B0093592E /* ScheduleResponse.swift */; };
		3BDBEF9B2BF1B24F0093592E /* ScheduleProvider.swift in Sources */ = {isa = PBXBuildFile; fileRef = 3BDBEF9A2BF1B24F0093592E /* ScheduleProvider.swift */; };
		3BDBEF9D2BF1CB760093592E /* DailyScheduleInteractor.swift in Sources */ = {isa = PBXBuildFile; fileRef = 3BDBEF9C2BF1CB760093592E /* DailyScheduleInteractor.swift */; };
		3BDBEF9F2BF1D0360093592E /* DailyCell.swift in Sources */ = {isa = PBXBuildFile; fileRef = 3BDBEF9E2BF1D0360093592E /* DailyCell.swift */; };
		3BDBEFA12BF1D0CB0093592E /* TeamView.swift in Sources */ = {isa = PBXBuildFile; fileRef = 3BDBEFA02BF1D0CB0093592E /* TeamView.swift */; };
		3BDBEFA32BF1D47C0093592E /* GameStateView.swift in Sources */ = {isa = PBXBuildFile; fileRef = 3BDBEFA22BF1D47C0093592E /* GameStateView.swift */; };
		3BDBEFA52BF1DBC50093592E /* PitcherView.swift in Sources */ = {isa = PBXBuildFile; fileRef = 3BDBEFA42BF1DBC50093592E /* PitcherView.swift */; };
		3BDBEFA72BF1F4270093592E /* LiveGameProvider.swift in Sources */ = {isa = PBXBuildFile; fileRef = 3BDBEFA62BF1F4270093592E /* LiveGameProvider.swift */; };
		3BDBEFAA2BF2ECFA0093592E /* AwayScoreView.swift in Sources */ = {isa = PBXBuildFile; fileRef = 3BDBEFA92BF2ECFA0093592E /* AwayScoreView.swift */; };
		3BDBEFAC2BF2ED040093592E /* HomeScoreView.swift in Sources */ = {isa = PBXBuildFile; fileRef = 3BDBEFAB2BF2ED040093592E /* HomeScoreView.swift */; };
		3BDBEFB12BF2FBA40093592E /* DailyViewModel.swift in Sources */ = {isa = PBXBuildFile; fileRef = 3BDBEFB02BF2FBA40093592E /* DailyViewModel.swift */; };
		3BDBEFB32BF32FD50093592E /* LiveViewModel.swift in Sources */ = {isa = PBXBuildFile; fileRef = 3BDBEFB22BF32FD50093592E /* LiveViewModel.swift */; };
		3BDBEFB52BF33F190093592E /* DiamondView.swift in Sources */ = {isa = PBXBuildFile; fileRef = 3BDBEFB42BF33F190093592E /* DiamondView.swift */; };
/* End PBXBuildFile section */

/* Begin PBXContainerItemProxy section */
		3BB8C4442BFAD4A4007F545D /* PBXContainerItemProxy */ = {
			isa = PBXContainerItemProxy;
			containerPortal = 3BBAEA902BECB89800192FED /* Project object */;
			proxyType = 1;
			remoteGlobalIDString = 3BB8C43C2BFAD4A4007F545D;
			remoteInfo = MLBTeamIntents;
		};
		3BB8C4632BFB1F79007F545D /* PBXContainerItemProxy */ = {
			isa = PBXContainerItemProxy;
			containerPortal = 3BBAEA902BECB89800192FED /* Project object */;
			proxyType = 1;
			remoteGlobalIDString = 3BB8C4552BFB1F78007F545D;
			remoteInfo = LiveActivitiesExtension;
		};
		3BCADD3E2BF5C18300340FAD /* PBXContainerItemProxy */ = {
			isa = PBXContainerItemProxy;
			containerPortal = 3BBAEA902BECB89800192FED /* Project object */;
			proxyType = 1;
			remoteGlobalIDString = 3BCADD2F2BF5C18300340FAD;
			remoteInfo = MLBLiveWidgetExtension;
		};
/* End PBXContainerItemProxy section */

/* Begin PBXCopyFilesBuildPhase section */
		3BB8C4352BFAD47B007F545D /* Embed ExtensionKit Extensions */ = {
			isa = PBXCopyFilesBuildPhase;
			buildActionMask = 2147483647;
			dstPath = "$(EXTENSIONS_FOLDER_PATH)";
			dstSubfolderSpec = 16;
			files = (
			);
			name = "Embed ExtensionKit Extensions";
			runOnlyForDeploymentPostprocessing = 0;
		};
		3BCADD442BF5C18300340FAD /* Embed Foundation Extensions */ = {
			isa = PBXCopyFilesBuildPhase;
			buildActionMask = 2147483647;
			dstPath = "";
			dstSubfolderSpec = 13;
			files = (
				3BB8C4652BFB1F79007F545D /* LiveActivitiesExtension.appex in Embed Foundation Extensions */,
				3BCADD402BF5C18300340FAD /* MLBLiveWidgetExtension.appex in Embed Foundation Extensions */,
				3BB8C4462BFAD4A4007F545D /* MLBTeamIntents.appex in Embed Foundation Extensions */,
			);
			name = "Embed Foundation Extensions";
			runOnlyForDeploymentPostprocessing = 0;
		};
/* End PBXCopyFilesBuildPhase section */

/* Begin PBXFileReference section */
		3B0B15042BEE709B00E91AEE /* AwayPitcherView.swift */ = {isa = PBXFileReference; lastKnownFileType = sourcecode.swift; path = AwayPitcherView.swift; sourceTree = "<group>"; };
		3B0B15062BEECAE800E91AEE /* HomePitcherView.swift */ = {isa = PBXFileReference; lastKnownFileType = sourcecode.swift; path = HomePitcherView.swift; sourceTree = "<group>"; };
		3B0B15082BEECBE800E91AEE /* HomeCell.swift */ = {isa = PBXFileReference; lastKnownFileType = sourcecode.swift; path = HomeCell.swift; sourceTree = "<group>"; };
		3B0B150A2BEECC7800E91AEE /* ClubView.swift */ = {isa = PBXFileReference; lastKnownFileType = sourcecode.swift; path = ClubView.swift; sourceTree = "<group>"; };
		3B0B150C2BEED5FA00E91AEE /* ScoreView.swift */ = {isa = PBXFileReference; lastKnownFileType = sourcecode.swift; path = ScoreView.swift; sourceTree = "<group>"; };
		3B0B150E2BEF1B4500E91AEE /* OutCountView.swift */ = {isa = PBXFileReference; lastKnownFileType = sourcecode.swift; path = OutCountView.swift; sourceTree = "<group>"; };
		3B0B15102BF00E9700E91AEE /* BoxScoreView1.swift */ = {isa = PBXFileReference; lastKnownFileType = sourcecode.swift; path = BoxScoreView1.swift; sourceTree = "<group>"; };
		3B0B15122BF0A5AC00E91AEE /* DiamondGroundView.swift */ = {isa = PBXFileReference; lastKnownFileType = sourcecode.swift; path = DiamondGroundView.swift; sourceTree = "<group>"; };
		3B0B15142BF3921600E91AEE /* BoxScoreView.swift */ = {isa = PBXFileReference; lastKnownFileType = sourcecode.swift; path = BoxScoreView.swift; sourceTree = "<group>"; };
		3B0B15162BF4B67300E91AEE /* PitcherBoxScoreView.swift */ = {isa = PBXFileReference; lastKnownFileType = sourcecode.swift; path = PitcherBoxScoreView.swift; sourceTree = "<group>"; };
		3B0B15182BF6325300E91AEE /* Teams.swift */ = {isa = PBXFileReference; lastKnownFileType = sourcecode.swift; path = Teams.swift; sourceTree = "<group>"; };
		3B0B151A2BF7E97E00E91AEE /* WidgetLiveStatusView.swift */ = {isa = PBXFileReference; lastKnownFileType = sourcecode.swift; path = WidgetLiveStatusView.swift; sourceTree = "<group>"; };
		3B0B151F2BF88AFD00E91AEE /* WLiveView.swift */ = {isa = PBXFileReference; lastKnownFileType = sourcecode.swift; path = WLiveView.swift; sourceTree = "<group>"; };
		3B0B15212BF88C4B00E91AEE /* WNextGameView.swift */ = {isa = PBXFileReference; lastKnownFileType = sourcecode.swift; path = WNextGameView.swift; sourceTree = "<group>"; };
		3B5847FC2BF9ECF500098ABF /* WFinalView.swift */ = {isa = PBXFileReference; lastKnownFileType = sourcecode.swift; path = WFinalView.swift; sourceTree = "<group>"; };
		3BAFBCE52BF73D100077FB82 /* TeamScheduleView.swift */ = {isa = PBXFileReference; lastKnownFileType = sourcecode.swift; path = TeamScheduleView.swift; sourceTree = "<group>"; };
		3BAFBCE92BF73EA50077FB82 /* TeamScheduleSidebarView.swift */ = {isa = PBXFileReference; lastKnownFileType = sourcecode.swift; path = TeamScheduleSidebarView.swift; sourceTree = "<group>"; };
		3BAFBCF12BF747810077FB82 /* WidgetProvider.swift */ = {isa = PBXFileReference; lastKnownFileType = sourcecode.swift; path = WidgetProvider.swift; sourceTree = "<group>"; };
		3BB8C43D2BFAD4A4007F545D /* MLBTeamIntents.appex */ = {isa = PBXFileReference; explicitFileType = "wrapper.app-extension"; includeInIndex = 0; path = MLBTeamIntents.appex; sourceTree = BUILT_PRODUCTS_DIR; };
		3BB8C43E2BFAD4A4007F545D /* Intents.framework */ = {isa = PBXFileReference; lastKnownFileType = wrapper.framework; name = Intents.framework; path = System/Library/Frameworks/Intents.framework; sourceTree = SDKROOT; };
		3BB8C4412BFAD4A4007F545D /* IntentHandler.swift */ = {isa = PBXFileReference; lastKnownFileType = sourcecode.swift; path = IntentHandler.swift; sourceTree = "<group>"; };
		3BB8C4432BFAD4A4007F545D /* Info.plist */ = {isa = PBXFileReference; lastKnownFileType = text.plist.xml; path = Info.plist; sourceTree = "<group>"; };
		3BB8C44C2BFAD6AC007F545D /* TeamIntents.intentdefinition */ = {isa = PBXFileReference; lastKnownFileType = file.intentdefinition; path = TeamIntents.intentdefinition; sourceTree = "<group>"; };
		3BB8C4562BFB1F78007F545D /* LiveActivitiesExtension.appex */ = {isa = PBXFileReference; explicitFileType = "wrapper.app-extension"; includeInIndex = 0; path = LiveActivitiesExtension.appex; sourceTree = BUILT_PRODUCTS_DIR; };
		3BB8C45A2BFB1F78007F545D /* LiveActivitiesBundle.swift */ = {isa = PBXFileReference; lastKnownFileType = sourcecode.swift; path = LiveActivitiesBundle.swift; sourceTree = "<group>"; };
		3BB8C45C2BFB1F78007F545D /* LiveActivitiesLiveActivity.swift */ = {isa = PBXFileReference; lastKnownFileType = sourcecode.swift; path = LiveActivitiesLiveActivity.swift; sourceTree = "<group>"; };
		3BB8C45E2BFB1F78007F545D /* LiveActivities.swift */ = {isa = PBXFileReference; lastKnownFileType = sourcecode.swift; path = LiveActivities.swift; sourceTree = "<group>"; };
		3BB8C4602BFB1F79007F545D /* Assets.xcassets */ = {isa = PBXFileReference; lastKnownFileType = folder.assetcatalog; path = Assets.xcassets; sourceTree = "<group>"; };
		3BB8C4622BFB1F79007F545D /* Info.plist */ = {isa = PBXFileReference; lastKnownFileType = text.plist.xml; path = Info.plist; sourceTree = "<group>"; };
		3BB8C46A2BFB2AA5007F545D /* MLBTeams */ = {isa = PBXFileReference; lastKnownFileType = wrapper; path = MLBTeams; sourceTree = "<group>"; };
		3BB8C46B2BFB307C007F545D /* MLBStatsProvider */ = {isa = PBXFileReference; lastKnownFileType = wrapper; path = MLBStatsProvider; sourceTree = "<group>"; };
		3BBAEA982BECB89800192FED /* MLBLiveScore.app */ = {isa = PBXFileReference; explicitFileType = wrapper.application; includeInIndex = 0; path = MLBLiveScore.app; sourceTree = BUILT_PRODUCTS_DIR; };
		3BBAEA9B2BECB89800192FED /* MLBLiveScoreApp.swift */ = {isa = PBXFileReference; lastKnownFileType = sourcecode.swift; path = MLBLiveScoreApp.swift; sourceTree = "<group>"; };
		3BBAEA9D2BECB89800192FED /* ContentView.swift */ = {isa = PBXFileReference; lastKnownFileType = sourcecode.swift; path = ContentView.swift; sourceTree = "<group>"; };
		3BBAEA9F2BECB89900192FED /* Assets.xcassets */ = {isa = PBXFileReference; lastKnownFileType = folder.assetcatalog; path = Assets.xcassets; sourceTree = "<group>"; };
		3BBAEAA12BECB89900192FED /* MLBLiveScore.entitlements */ = {isa = PBXFileReference; lastKnownFileType = text.plist.entitlements; path = MLBLiveScore.entitlements; sourceTree = "<group>"; };
		3BBAEAA32BECB89900192FED /* Preview Assets.xcassets */ = {isa = PBXFileReference; lastKnownFileType = folder.assetcatalog; path = "Preview Assets.xcassets"; sourceTree = "<group>"; };
		3BBAEAAA2BECB8AF00192FED /* Network.swift */ = {isa = PBXFileReference; lastKnownFileType = sourcecode.swift; path = Network.swift; sourceTree = "<group>"; };
		3BBAEAAC2BED91E800192FED /* Interactor.swift */ = {isa = PBXFileReference; lastKnownFileType = sourcecode.swift; path = Interactor.swift; sourceTree = "<group>"; };
		3BBAEAB42BEDA83600192FED /* Schedule.swift */ = {isa = PBXFileReference; lastKnownFileType = sourcecode.swift; path = Schedule.swift; sourceTree = "<group>"; };
		3BBAEAB62BEDCB9100192FED /* Team.swift */ = {isa = PBXFileReference; lastKnownFileType = sourcecode.swift; path = Team.swift; sourceTree = "<group>"; };
		3BBAEAB82BEDD9F500192FED /* Cell.swift */ = {isa = PBXFileReference; lastKnownFileType = sourcecode.swift; path = Cell.swift; sourceTree = "<group>"; };
		3BBAEABA2BEDFA3100192FED /* Detail.swift */ = {isa = PBXFileReference; lastKnownFileType = sourcecode.swift; path = Detail.swift; sourceTree = "<group>"; };
		3BCADD302BF5C18300340FAD /* MLBLiveWidgetExtension.appex */ = {isa = PBXFileReference; explicitFileType = "wrapper.app-extension"; includeInIndex = 0; path = MLBLiveWidgetExtension.appex; sourceTree = BUILT_PRODUCTS_DIR; };
		3BCADD322BF5C18300340FAD /* WidgetKit.framework */ = {isa = PBXFileReference; lastKnownFileType = wrapper.framework; name = WidgetKit.framework; path = System/Library/Frameworks/WidgetKit.framework; sourceTree = SDKROOT; };
		3BCADD342BF5C18300340FAD /* SwiftUI.framework */ = {isa = PBXFileReference; lastKnownFileType = wrapper.framework; name = SwiftUI.framework; path = System/Library/Frameworks/SwiftUI.framework; sourceTree = SDKROOT; };
		3BCADD372BF5C18300340FAD /* MLBLiveWidgetBundle.swift */ = {isa = PBXFileReference; lastKnownFileType = sourcecode.swift; path = MLBLiveWidgetBundle.swift; sourceTree = "<group>"; };
		3BCADD392BF5C18300340FAD /* MLBLiveWidget.swift */ = {isa = PBXFileReference; lastKnownFileType = sourcecode.swift; path = MLBLiveWidget.swift; sourceTree = "<group>"; };
		3BCADD3B2BF5C18300340FAD /* Assets.xcassets */ = {isa = PBXFileReference; lastKnownFileType = folder.assetcatalog; path = Assets.xcassets; sourceTree = "<group>"; };
		3BCADD3D2BF5C18300340FAD /* Info.plist */ = {isa = PBXFileReference; lastKnownFileType = text.plist.xml; path = Info.plist; sourceTree = "<group>"; };
		3BCADD452BF6DA4300340FAD /* TeamScheduleProvider.swift */ = {isa = PBXFileReference; lastKnownFileType = sourcecode.swift; path = TeamScheduleProvider.swift; sourceTree = "<group>"; };
		3BDBEF892BF18CA70093592E /* DailyScheduleView.swift */ = {isa = PBXFileReference; lastKnownFileType = sourcecode.swift; path = DailyScheduleView.swift; sourceTree = "<group>"; };
		3BDBEF8C2BF18D180093592E /* DailySidebar.swift */ = {isa = PBXFileReference; lastKnownFileType = sourcecode.swift; path = DailySidebar.swift; sourceTree = "<group>"; };
		3BDBEF8F2BF1962D0093592E /* DailyDetailView.swift */ = {isa = PBXFileReference; lastKnownFileType = sourcecode.swift; path = DailyDetailView.swift; sourceTree = "<group>"; };
		3BDBEF912BF19FD60093592E /* ScoreboardView.swift */ = {isa = PBXFileReference; lastKnownFileType = sourcecode.swift; path = ScoreboardView.swift; sourceTree = "<group>"; };
		3BDBEF942BF1A6210093592E /* Scoreboard.swift */ = {isa = PBXFileReference; lastKnownFileType = sourcecode.swift; path = Scoreboard.swift; sourceTree = "<group>"; };
		3BDBEF982BF1B23B0093592E /* ScheduleResponse.swift */ = {isa = PBXFileReference; lastKnownFileType = sourcecode.swift; path = ScheduleResponse.swift; sourceTree = "<group>"; };
		3BDBEF9A2BF1B24F0093592E /* ScheduleProvider.swift */ = {isa = PBXFileReference; lastKnownFileType = sourcecode.swift; path = ScheduleProvider.swift; sourceTree = "<group>"; };
		3BDBEF9C2BF1CB760093592E /* DailyScheduleInteractor.swift */ = {isa = PBXFileReference; lastKnownFileType = sourcecode.swift; path = DailyScheduleInteractor.swift; sourceTree = "<group>"; };
		3BDBEF9E2BF1D0360093592E /* DailyCell.swift */ = {isa = PBXFileReference; lastKnownFileType = sourcecode.swift; path = DailyCell.swift; sourceTree = "<group>"; };
		3BDBEFA02BF1D0CB0093592E /* TeamView.swift */ = {isa = PBXFileReference; lastKnownFileType = sourcecode.swift; path = TeamView.swift; sourceTree = "<group>"; };
		3BDBEFA22BF1D47C0093592E /* GameStateView.swift */ = {isa = PBXFileReference; lastKnownFileType = sourcecode.swift; path = GameStateView.swift; sourceTree = "<group>"; };
		3BDBEFA42BF1DBC50093592E /* PitcherView.swift */ = {isa = PBXFileReference; lastKnownFileType = sourcecode.swift; path = PitcherView.swift; sourceTree = "<group>"; };
		3BDBEFA62BF1F4270093592E /* LiveGameProvider.swift */ = {isa = PBXFileReference; lastKnownFileType = sourcecode.swift; path = LiveGameProvider.swift; sourceTree = "<group>"; };
		3BDBEFA92BF2ECFA0093592E /* AwayScoreView.swift */ = {isa = PBXFileReference; lastKnownFileType = sourcecode.swift; path = AwayScoreView.swift; sourceTree = "<group>"; };
		3BDBEFAB2BF2ED040093592E /* HomeScoreView.swift */ = {isa = PBXFileReference; lastKnownFileType = sourcecode.swift; path = HomeScoreView.swift; sourceTree = "<group>"; };
		3BDBEFB02BF2FBA40093592E /* DailyViewModel.swift */ = {isa = PBXFileReference; lastKnownFileType = sourcecode.swift; path = DailyViewModel.swift; sourceTree = "<group>"; };
		3BDBEFB22BF32FD50093592E /* LiveViewModel.swift */ = {isa = PBXFileReference; lastKnownFileType = sourcecode.swift; path = LiveViewModel.swift; sourceTree = "<group>"; };
		3BDBEFB42BF33F190093592E /* DiamondView.swift */ = {isa = PBXFileReference; lastKnownFileType = sourcecode.swift; path = DiamondView.swift; sourceTree = "<group>"; };
/* End PBXFileReference section */

/* Begin PBXFrameworksBuildPhase section */
		3BB8C43A2BFAD4A4007F545D /* Frameworks */ = {
			isa = PBXFrameworksBuildPhase;
			buildActionMask = 2147483647;
			files = (
				3BB8C43F2BFAD4A4007F545D /* Intents.framework in Frameworks */,
			);
			runOnlyForDeploymentPostprocessing = 0;
		};
		3BB8C4532BFB1F78007F545D /* Frameworks */ = {
			isa = PBXFrameworksBuildPhase;
			buildActionMask = 2147483647;
			files = (
				3BB8C4582BFB1F78007F545D /* SwiftUI.framework in Frameworks */,
				3BB8C4572BFB1F78007F545D /* WidgetKit.framework in Frameworks */,
			);
			runOnlyForDeploymentPostprocessing = 0;
		};
		3BBAEA952BECB89800192FED /* Frameworks */ = {
			isa = PBXFrameworksBuildPhase;
			buildActionMask = 2147483647;
			files = (
				3BBAEAB32BED936F00192FED /* SwiftDate in Frameworks */,
				3BB8C46F2BFB41AC007F545D /* MLBResponse in Frameworks */,
				3BBAEAB02BED935600192FED /* Kingfisher in Frameworks */,
				3BB8C46D2BFB4197007F545D /* MLBStatsProvider in Frameworks */,
			);
			runOnlyForDeploymentPostprocessing = 0;
		};
		3BCADD2D2BF5C18300340FAD /* Frameworks */ = {
			isa = PBXFrameworksBuildPhase;
			buildActionMask = 2147483647;
			files = (
				3BCADD352BF5C18300340FAD /* SwiftUI.framework in Frameworks */,
				3BCADD332BF5C18300340FAD /* WidgetKit.framework in Frameworks */,
				3BAFBCEF2BF747270077FB82 /* SwiftDate in Frameworks */,
			);
			runOnlyForDeploymentPostprocessing = 0;
		};
/* End PBXFrameworksBuildPhase section */

/* Begin PBXGroup section */
		3B0B151E2BF88AE100E91AEE /* StatusView */ = {
			isa = PBXGroup;
			children = (
				3B0B151F2BF88AFD00E91AEE /* WLiveView.swift */,
				3B5847FC2BF9ECF500098ABF /* WFinalView.swift */,
				3B0B15212BF88C4B00E91AEE /* WNextGameView.swift */,
			);
			path = StatusView;
			sourceTree = "<group>";
		};
		3BAFBCE42BF73CFA0077FB82 /* TeamView */ = {
			isa = PBXGroup;
			children = (
				3BAFBCE52BF73D100077FB82 /* TeamScheduleView.swift */,
				3BAFBCE92BF73EA50077FB82 /* TeamScheduleSidebarView.swift */,
			);
			path = TeamView;
			sourceTree = "<group>";
		};
		3BB8C4402BFAD4A4007F545D /* MLBTeamIntents */ = {
			isa = PBXGroup;
			children = (
				3BB8C4412BFAD4A4007F545D /* IntentHandler.swift */,
				3BB8C4432BFAD4A4007F545D /* Info.plist */,
			);
			path = MLBTeamIntents;
			sourceTree = "<group>";
		};
		3BB8C4592BFB1F78007F545D /* LiveActivities */ = {
			isa = PBXGroup;
			children = (
				3BB8C45A2BFB1F78007F545D /* LiveActivitiesBundle.swift */,
				3BB8C45C2BFB1F78007F545D /* LiveActivitiesLiveActivity.swift */,
				3BB8C45E2BFB1F78007F545D /* LiveActivities.swift */,
				3BB8C4602BFB1F79007F545D /* Assets.xcassets */,
				3BB8C4622BFB1F79007F545D /* Info.plist */,
			);
			path = LiveActivities;
			sourceTree = "<group>";
		};
		3BBAEA8F2BECB89800192FED = {
			isa = PBXGroup;
			children = (
				3BB8C46B2BFB307C007F545D /* MLBStatsProvider */,
				3BB8C46A2BFB2AA5007F545D /* MLBTeams */,
				3BBAEA9A2BECB89800192FED /* MLBLiveScore */,
				3BCADD362BF5C18300340FAD /* MLBLiveWidget */,
				3BB8C4402BFAD4A4007F545D /* MLBTeamIntents */,
				3BB8C4592BFB1F78007F545D /* LiveActivities */,
				3BCADD312BF5C18300340FAD /* Frameworks */,
				3BBAEA992BECB89800192FED /* Products */,
			);
			sourceTree = "<group>";
		};
		3BBAEA992BECB89800192FED /* Products */ = {
			isa = PBXGroup;
			children = (
				3BBAEA982BECB89800192FED /* MLBLiveScore.app */,
				3BCADD302BF5C18300340FAD /* MLBLiveWidgetExtension.appex */,
				3BB8C43D2BFAD4A4007F545D /* MLBTeamIntents.appex */,
				3BB8C4562BFB1F78007F545D /* LiveActivitiesExtension.appex */,
			);
			name = Products;
			sourceTree = "<group>";
		};
		3BBAEA9A2BECB89800192FED /* MLBLiveScore */ = {
			isa = PBXGroup;
			children = (
				3BAFBCE42BF73CFA0077FB82 /* TeamView */,
				3BDBEFA82BF2ECDD0093592E /* ViewComponents */,
				3BDBEF962BF1B2130093592E /* Response */,
				3BDBEF932BF1A5EE0093592E /* Model */,
				3BDBEF882BF18C640093592E /* DailySchedule */,
				3BBAEA9B2BECB89800192FED /* MLBLiveScoreApp.swift */,
				3BBAEA9D2BECB89800192FED /* ContentView.swift */,
				3BBAEABA2BEDFA3100192FED /* Detail.swift */,
				3B0B15122BF0A5AC00E91AEE /* DiamondGroundView.swift */,
				3B0B15102BF00E9700E91AEE /* BoxScoreView1.swift */,
				3BBAEAB82BEDD9F500192FED /* Cell.swift */,
				3B0B150A2BEECC7800E91AEE /* ClubView.swift */,
				3B0B150C2BEED5FA00E91AEE /* ScoreView.swift */,
				3B0B15042BEE709B00E91AEE /* AwayPitcherView.swift */,
				3B0B15082BEECBE800E91AEE /* HomeCell.swift */,
				3B0B15062BEECAE800E91AEE /* HomePitcherView.swift */,
				3BBAEAAC2BED91E800192FED /* Interactor.swift */,
				3BBAEAAA2BECB8AF00192FED /* Network.swift */,
				3BBAEAB42BEDA83600192FED /* Schedule.swift */,
				3BBAEAB62BEDCB9100192FED /* Team.swift */,
				3BBAEA9F2BECB89900192FED /* Assets.xcassets */,
				3BBAEAA12BECB89900192FED /* MLBLiveScore.entitlements */,
				3BBAEAA22BECB89900192FED /* Preview Content */,
			);
			path = MLBLiveScore;
			sourceTree = "<group>";
		};
		3BBAEAA22BECB89900192FED /* Preview Content */ = {
			isa = PBXGroup;
			children = (
				3BBAEAA32BECB89900192FED /* Preview Assets.xcassets */,
			);
			path = "Preview Content";
			sourceTree = "<group>";
		};
		3BCADD312BF5C18300340FAD /* Frameworks */ = {
			isa = PBXGroup;
			children = (
				3BCADD322BF5C18300340FAD /* WidgetKit.framework */,
				3BCADD342BF5C18300340FAD /* SwiftUI.framework */,
				3BB8C43E2BFAD4A4007F545D /* Intents.framework */,
			);
			name = Frameworks;
			sourceTree = "<group>";
		};
		3BCADD362BF5C18300340FAD /* MLBLiveWidget */ = {
			isa = PBXGroup;
			children = (
				3B0B151E2BF88AE100E91AEE /* StatusView */,
				3BCADD372BF5C18300340FAD /* MLBLiveWidgetBundle.swift */,
				3BCADD392BF5C18300340FAD /* MLBLiveWidget.swift */,
				3B0B151A2BF7E97E00E91AEE /* WidgetLiveStatusView.swift */,
				3BAFBCF12BF747810077FB82 /* WidgetProvider.swift */,
				3BCADD3B2BF5C18300340FAD /* Assets.xcassets */,
				3BCADD3D2BF5C18300340FAD /* Info.plist */,
				3BB8C44C2BFAD6AC007F545D /* TeamIntents.intentdefinition */,
			);
			path = MLBLiveWidget;
			sourceTree = "<group>";
		};
		3BDBEF882BF18C640093592E /* DailySchedule */ = {
			isa = PBXGroup;
			children = (
				3BDBEFAF2BF2FB970093592E /* ViewModel */,
				3BDBEF8E2BF1961D0093592E /* DailyDetail */,
				3BDBEF8B2BF18CEF0093592E /* Sidebar */,
				3BDBEF892BF18CA70093592E /* DailyScheduleView.swift */,
				3BDBEF9C2BF1CB760093592E /* DailyScheduleInteractor.swift */,
			);
			path = DailySchedule;
			sourceTree = "<group>";
		};
		3BDBEF8B2BF18CEF0093592E /* Sidebar */ = {
			isa = PBXGroup;
			children = (
				3BDBEF8C2BF18D180093592E /* DailySidebar.swift */,
				3BDBEF9E2BF1D0360093592E /* DailyCell.swift */,
				3BDBEFA42BF1DBC50093592E /* PitcherView.swift */,
				3BDBEFA02BF1D0CB0093592E /* TeamView.swift */,
				3BDBEFA22BF1D47C0093592E /* GameStateView.swift */,
			);
			path = Sidebar;
			sourceTree = "<group>";
		};
		3BDBEF8E2BF1961D0093592E /* DailyDetail */ = {
			isa = PBXGroup;
			children = (
				3BDBEF8F2BF1962D0093592E /* DailyDetailView.swift */,
				3BDBEF912BF19FD60093592E /* ScoreboardView.swift */,
				3B0B150E2BEF1B4500E91AEE /* OutCountView.swift */,
				3BDBEFB42BF33F190093592E /* DiamondView.swift */,
				3B0B15142BF3921600E91AEE /* BoxScoreView.swift */,
				3B0B15162BF4B67300E91AEE /* PitcherBoxScoreView.swift */,
			);
			path = DailyDetail;
			sourceTree = "<group>";
		};
		3BDBEF932BF1A5EE0093592E /* Model */ = {
			isa = PBXGroup;
			children = (
				3BDBEF942BF1A6210093592E /* Scoreboard.swift */,
				3B0B15182BF6325300E91AEE /* Teams.swift */,
			);
			path = Model;
			sourceTree = "<group>";
		};
		3BDBEF962BF1B2130093592E /* Response */ = {
			isa = PBXGroup;
			children = (
				3BDBEF982BF1B23B0093592E /* ScheduleResponse.swift */,
				3BDBEF9A2BF1B24F0093592E /* ScheduleProvider.swift */,
				3BDBEFA62BF1F4270093592E /* LiveGameProvider.swift */,
				3BCADD452BF6DA4300340FAD /* TeamScheduleProvider.swift */,
			);
			path = Response;
			sourceTree = "<group>";
		};
		3BDBEFA82BF2ECDD0093592E /* ViewComponents */ = {
			isa = PBXGroup;
			children = (
				3BDBEFA92BF2ECFA0093592E /* AwayScoreView.swift */,
				3BDBEFAB2BF2ED040093592E /* HomeScoreView.swift */,
			);
			path = ViewComponents;
			sourceTree = "<group>";
		};
		3BDBEFAF2BF2FB970093592E /* ViewModel */ = {
			isa = PBXGroup;
			children = (
				3BDBEFB02BF2FBA40093592E /* DailyViewModel.swift */,
				3BDBEFB22BF32FD50093592E /* LiveViewModel.swift */,
			);
			path = ViewModel;
			sourceTree = "<group>";
		};
/* End PBXGroup section */

/* Begin PBXNativeTarget section */
		3BB8C43C2BFAD4A4007F545D /* MLBTeamIntents */ = {
			isa = PBXNativeTarget;
			buildConfigurationList = 3BB8C4472BFAD4A4007F545D /* Build configuration list for PBXNativeTarget "MLBTeamIntents" */;
			buildPhases = (
				3BB8C4392BFAD4A4007F545D /* Sources */,
				3BB8C43A2BFAD4A4007F545D /* Frameworks */,
				3BB8C43B2BFAD4A4007F545D /* Resources */,
			);
			buildRules = (
			);
			dependencies = (
			);
			name = MLBTeamIntents;
			productName = MLBTeamIntents;
			productReference = 3BB8C43D2BFAD4A4007F545D /* MLBTeamIntents.appex */;
			productType = "com.apple.product-type.app-extension";
		};
		3BB8C4552BFB1F78007F545D /* LiveActivitiesExtension */ = {
			isa = PBXNativeTarget;
			buildConfigurationList = 3BB8C4662BFB1F79007F545D /* Build configuration list for PBXNativeTarget "LiveActivitiesExtension" */;
			buildPhases = (
				3BB8C4522BFB1F78007F545D /* Sources */,
				3BB8C4532BFB1F78007F545D /* Frameworks */,
				3BB8C4542BFB1F78007F545D /* Resources */,
			);
			buildRules = (
			);
			dependencies = (
			);
			name = LiveActivitiesExtension;
			productName = LiveActivitiesExtension;
			productReference = 3BB8C4562BFB1F78007F545D /* LiveActivitiesExtension.appex */;
			productType = "com.apple.product-type.app-extension";
		};
		3BBAEA972BECB89800192FED /* MLBLiveScore */ = {
			isa = PBXNativeTarget;
			buildConfigurationList = 3BBAEAA72BECB89900192FED /* Build configuration list for PBXNativeTarget "MLBLiveScore" */;
			buildPhases = (
				3BBAEA942BECB89800192FED /* Sources */,
				3BBAEA952BECB89800192FED /* Frameworks */,
				3BBAEA962BECB89800192FED /* Resources */,
				3BCADD442BF5C18300340FAD /* Embed Foundation Extensions */,
				3BB8C4352BFAD47B007F545D /* Embed ExtensionKit Extensions */,
			);
			buildRules = (
			);
			dependencies = (
				3BCADD3F2BF5C18300340FAD /* PBXTargetDependency */,
				3BB8C4452BFAD4A4007F545D /* PBXTargetDependency */,
				3BB8C4642BFB1F79007F545D /* PBXTargetDependency */,
			);
			name = MLBLiveScore;
			packageProductDependencies = (
				3BBAEAAF2BED935600192FED /* Kingfisher */,
				3BBAEAB22BED936F00192FED /* SwiftDate */,
				3BB8C46C2BFB4197007F545D /* MLBStatsProvider */,
				3BB8C46E2BFB41AC007F545D /* MLBResponse */,
			);
			productName = MLBLiveScore;
			productReference = 3BBAEA982BECB89800192FED /* MLBLiveScore.app */;
			productType = "com.apple.product-type.application";
		};
		3BCADD2F2BF5C18300340FAD /* MLBLiveWidgetExtension */ = {
			isa = PBXNativeTarget;
			buildConfigurationList = 3BCADD412BF5C18300340FAD /* Build configuration list for PBXNativeTarget "MLBLiveWidgetExtension" */;
			buildPhases = (
				3BCADD2C2BF5C18300340FAD /* Sources */,
				3BCADD2D2BF5C18300340FAD /* Frameworks */,
				3BCADD2E2BF5C18300340FAD /* Resources */,
			);
			buildRules = (
			);
			dependencies = (
			);
			name = MLBLiveWidgetExtension;
			packageProductDependencies = (
				3BAFBCEE2BF747270077FB82 /* SwiftDate */,
			);
			productName = MLBLiveWidgetExtension;
			productReference = 3BCADD302BF5C18300340FAD /* MLBLiveWidgetExtension.appex */;
			productType = "com.apple.product-type.app-extension";
		};
/* End PBXNativeTarget section */

/* Begin PBXProject section */
		3BBAEA902BECB89800192FED /* Project object */ = {
			isa = PBXProject;
			attributes = {
				BuildIndependentTargetsInParallel = 1;
				LastSwiftUpdateCheck = 1520;
				LastUpgradeCheck = 1520;
				TargetAttributes = {
					3BB8C43C2BFAD4A4007F545D = {
						CreatedOnToolsVersion = 15.2;
					};
					3BB8C4552BFB1F78007F545D = {
						CreatedOnToolsVersion = 15.2;
					};
					3BBAEA972BECB89800192FED = {
						CreatedOnToolsVersion = 15.2;
					};
					3BCADD2F2BF5C18300340FAD = {
						CreatedOnToolsVersion = 15.2;
					};
				};
			};
			buildConfigurationList = 3BBAEA932BECB89800192FED /* Build configuration list for PBXProject "MLBLiveScore" */;
			compatibilityVersion = "Xcode 14.0";
			developmentRegion = en;
			hasScannedForEncodings = 0;
			knownRegions = (
				en,
				Base,
			);
			mainGroup = 3BBAEA8F2BECB89800192FED;
			packageReferences = (
				3BBAEAAE2BED935600192FED /* XCRemoteSwiftPackageReference "Kingfisher" */,
				3BBAEAB12BED936F00192FED /* XCRemoteSwiftPackageReference "SwiftDate" */,
			);
			productRefGroup = 3BBAEA992BECB89800192FED /* Products */;
			projectDirPath = "";
			projectRoot = "";
			targets = (
				3BBAEA972BECB89800192FED /* MLBLiveScore */,
				3BCADD2F2BF5C18300340FAD /* MLBLiveWidgetExtension */,
				3BB8C43C2BFAD4A4007F545D /* MLBTeamIntents */,
				3BB8C4552BFB1F78007F545D /* LiveActivitiesExtension */,
			);
		};
/* End PBXProject section */

/* Begin PBXResourcesBuildPhase section */
		3BB8C43B2BFAD4A4007F545D /* Resources */ = {
			isa = PBXResourcesBuildPhase;
			buildActionMask = 2147483647;
			files = (
				3BB8C44F2BFADAF9007F545D /* Assets.xcassets in Resources */,
			);
			runOnlyForDeploymentPostprocessing = 0;
		};
		3BB8C4542BFB1F78007F545D /* Resources */ = {
			isa = PBXResourcesBuildPhase;
			buildActionMask = 2147483647;
			files = (
				3BB8C4612BFB1F79007F545D /* Assets.xcassets in Resources */,
			);
			runOnlyForDeploymentPostprocessing = 0;
		};
		3BBAEA962BECB89800192FED /* Resources */ = {
			isa = PBXResourcesBuildPhase;
			buildActionMask = 2147483647;
			files = (
				3BBAEAA42BECB89900192FED /* Preview Assets.xcassets in Resources */,
				3BBAEAA02BECB89900192FED /* Assets.xcassets in Resources */,
			);
			runOnlyForDeploymentPostprocessing = 0;
		};
		3BCADD2E2BF5C18300340FAD /* Resources */ = {
			isa = PBXResourcesBuildPhase;
			buildActionMask = 2147483647;
			files = (
				3BCADD3C2BF5C18300340FAD /* Assets.xcassets in Resources */,
			);
			runOnlyForDeploymentPostprocessing = 0;
		};
/* End PBXResourcesBuildPhase section */

/* Begin PBXSourcesBuildPhase section */
		3BB8C4392BFAD4A4007F545D /* Sources */ = {
			isa = PBXSourcesBuildPhase;
			buildActionMask = 2147483647;
			files = (
				3BB8C44B2BFAD4C5007F545D /* Teams.swift in Sources */,
				3BB8C4422BFAD4A4007F545D /* IntentHandler.swift in Sources */,
				3BB8C44E2BFAD6AC007F545D /* TeamIntents.intentdefinition in Sources */,
			);
			runOnlyForDeploymentPostprocessing = 0;
		};
		3BB8C4522BFB1F78007F545D /* Sources */ = {
			isa = PBXSourcesBuildPhase;
			buildActionMask = 2147483647;
			files = (
				3BB8C45F2BFB1F78007F545D /* LiveActivities.swift in Sources */,
				3BB8C45D2BFB1F78007F545D /* LiveActivitiesLiveActivity.swift in Sources */,
				3BB8C45B2BFB1F78007F545D /* LiveActivitiesBundle.swift in Sources */,
			);
			runOnlyForDeploymentPostprocessing = 0;
		};
		3BBAEA942BECB89800192FED /* Sources */ = {
			isa = PBXSourcesBuildPhase;
			buildActionMask = 2147483647;
			files = (
				3BBAEAB72BEDCB9100192FED /* Team.swift in Sources */,
				3BB8C4692BFB2062007F545D /* LiveActivitiesLiveActivity.swift in Sources */,
				3BBAEA9E2BECB89800192FED /* ContentView.swift in Sources */,
				3B5847FE2BF9F39F00098ABF /* WNextGameView.swift in Sources */,
				3BBAEABB2BEDFA3100192FED /* Detail.swift in Sources */,
				3BDBEF922BF19FD60093592E /* ScoreboardView.swift in Sources */,
				3B0B15092BEECBE800E91AEE /* HomeCell.swift in Sources */,
				3BDBEFA12BF1D0CB0093592E /* TeamView.swift in Sources */,
				3BBAEAB92BEDD9F500192FED /* Cell.swift in Sources */,
				3BDBEFA72BF1F4270093592E /* LiveGameProvider.swift in Sources */,
				3BBAEA9C2BECB89800192FED /* MLBLiveScoreApp.swift in Sources */,
				3BDBEFAA2BF2ECFA0093592E /* AwayScoreView.swift in Sources */,
				3BAFBCE62BF73D100077FB82 /* TeamScheduleView.swift in Sources */,
				3B0B15172BF4B67300E91AEE /* PitcherBoxScoreView.swift in Sources */,
				3B0B15192BF6325300E91AEE /* Teams.swift in Sources */,
				3BDBEF8A2BF18CA70093592E /* DailyScheduleView.swift in Sources */,
				3BDBEFAC2BF2ED040093592E /* HomeScoreView.swift in Sources */,
				3BDBEFB32BF32FD50093592E /* LiveViewModel.swift in Sources */,
				3B0B150B2BEECC7800E91AEE /* ClubView.swift in Sources */,
				3BB8C4512BFB077B007F545D /* WidgetProvider.swift in Sources */,
				3BDBEFA52BF1DBC50093592E /* PitcherView.swift in Sources */,
				3BDBEFB12BF2FBA40093592E /* DailyViewModel.swift in Sources */,
				3BDBEFB52BF33F190093592E /* DiamondView.swift in Sources */,
				3BDBEF952BF1A6210093592E /* Scoreboard.swift in Sources */,
				3BCADD462BF6DA4300340FAD /* TeamScheduleProvider.swift in Sources */,
				3BBAEAB52BEDA83600192FED /* Schedule.swift in Sources */,
				3BDBEF9F2BF1D0360093592E /* DailyCell.swift in Sources */,
				3BAFBCEA2BF73EA50077FB82 /* TeamScheduleSidebarView.swift in Sources */,
				3BBAEAAD2BED91E800192FED /* Interactor.swift in Sources */,
				3BDBEFA32BF1D47C0093592E /* GameStateView.swift in Sources */,
				3BDBEF8D2BF18D180093592E /* DailySidebar.swift in Sources */,
				3BDBEF902BF1962D0093592E /* DailyDetailView.swift in Sources */,
				3B0B15132BF0A5AC00E91AEE /* DiamondGroundView.swift in Sources */,
				3BDBEF992BF1B23B0093592E /* ScheduleResponse.swift in Sources */,
				3BBAEAAB2BECB8AF00192FED /* Network.swift in Sources */,
				3B0B15052BEE709B00E91AEE /* AwayPitcherView.swift in Sources */,
				3B0B150D2BEED5FA00E91AEE /* ScoreView.swift in Sources */,
				3BDBEF9D2BF1CB760093592E /* DailyScheduleInteractor.swift in Sources */,
				3B0B15112BF00E9700E91AEE /* BoxScoreView1.swift in Sources */,
				3B0B15072BEECAE800E91AEE /* HomePitcherView.swift in Sources */,
				3B0B15152BF3921600E91AEE /* BoxScoreView.swift in Sources */,
				3BDBEF9B2BF1B24F0093592E /* ScheduleProvider.swift in Sources */,
				3B0B150F2BEF1B4500E91AEE /* OutCountView.swift in Sources */,
			);
			runOnlyForDeploymentPostprocessing = 0;
		};
		3BCADD2C2BF5C18300340FAD /* Sources */ = {
			isa = PBXSourcesBuildPhase;
			buildActionMask = 2147483647;
			files = (
				3B0B151D2BF817A700E91AEE /* Teams.swift in Sources */,
				3B0B151C2BF7E98200E91AEE /* WidgetLiveStatusView.swift in Sources */,
				3B0B15222BF88C4B00E91AEE /* WNextGameView.swift in Sources */,
				3BAFBCF22BF747810077FB82 /* WidgetProvider.swift in Sources */,
				3BAFBCEB2BF746B30077FB82 /* TeamScheduleProvider.swift in Sources */,
				3BAFBCEC2BF746BD0077FB82 /* ScheduleProvider.swift in Sources */,
				3BB8C44A2BFAD4B6007F545D /* IntentHandler.swift in Sources */,
				3BB8C44D2BFAD6AC007F545D /* TeamIntents.intentdefinition in Sources */,
				3BAFBCF02BF747520077FB82 /* LiveGameProvider.swift in Sources */,
				3B5847FD2BF9ECF500098ABF /* WFinalView.swift in Sources */,
				3B0B15202BF88AFD00E91AEE /* WLiveView.swift in Sources */,
				3BCADD382BF5C18300340FAD /* MLBLiveWidgetBundle.swift in Sources */,
				3BAFBCF32BF748EA0077FB82 /* DailyViewModel.swift in Sources */,
				3BCADD3A2BF5C18300340FAD /* MLBLiveWidget.swift in Sources */,
			);
			runOnlyForDeploymentPostprocessing = 0;
		};
/* End PBXSourcesBuildPhase section */

/* Begin PBXTargetDependency section */
		3BB8C4452BFAD4A4007F545D /* PBXTargetDependency */ = {
			isa = PBXTargetDependency;
			target = 3BB8C43C2BFAD4A4007F545D /* MLBTeamIntents */;
			targetProxy = 3BB8C4442BFAD4A4007F545D /* PBXContainerItemProxy */;
		};
		3BB8C4642BFB1F79007F545D /* PBXTargetDependency */ = {
			isa = PBXTargetDependency;
			target = 3BB8C4552BFB1F78007F545D /* LiveActivitiesExtension */;
			targetProxy = 3BB8C4632BFB1F79007F545D /* PBXContainerItemProxy */;
		};
		3BCADD3F2BF5C18300340FAD /* PBXTargetDependency */ = {
			isa = PBXTargetDependency;
			target = 3BCADD2F2BF5C18300340FAD /* MLBLiveWidgetExtension */;
			targetProxy = 3BCADD3E2BF5C18300340FAD /* PBXContainerItemProxy */;
		};
/* End PBXTargetDependency section */

/* Begin XCBuildConfiguration section */
		3BB8C4482BFAD4A4007F545D /* Debug */ = {
			isa = XCBuildConfiguration;
			buildSettings = {
				CODE_SIGN_STYLE = Automatic;
				CURRENT_PROJECT_VERSION = 1;
				DEVELOPMENT_TEAM = 74W3A2V78T;
				GENERATE_INFOPLIST_FILE = YES;
				INFOPLIST_FILE = MLBTeamIntents/Info.plist;
				INFOPLIST_KEY_CFBundleDisplayName = MLBTeamIntents;
				INFOPLIST_KEY_NSHumanReadableCopyright = "";
				IPHONEOS_DEPLOYMENT_TARGET = 17.2;
				LD_RUNPATH_SEARCH_PATHS = (
					"$(inherited)",
					"@executable_path/Frameworks",
					"@executable_path/../../Frameworks",
				);
				MARKETING_VERSION = 1.0;
				PRODUCT_BUNDLE_IDENTIFIER = co.kr.coolmint.weekly.MLBLiveScore.MLBTeamIntents;
				PRODUCT_NAME = "$(TARGET_NAME)";
				SDKROOT = iphoneos;
				SKIP_INSTALL = YES;
				SWIFT_EMIT_LOC_STRINGS = YES;
				SWIFT_VERSION = 5.0;
				TARGETED_DEVICE_FAMILY = "1,2";
			};
			name = Debug;
		};
		3BB8C4492BFAD4A4007F545D /* Release */ = {
			isa = XCBuildConfiguration;
			buildSettings = {
				CODE_SIGN_STYLE = Automatic;
				CURRENT_PROJECT_VERSION = 1;
				DEVELOPMENT_TEAM = 74W3A2V78T;
				GENERATE_INFOPLIST_FILE = YES;
				INFOPLIST_FILE = MLBTeamIntents/Info.plist;
				INFOPLIST_KEY_CFBundleDisplayName = MLBTeamIntents;
				INFOPLIST_KEY_NSHumanReadableCopyright = "";
				IPHONEOS_DEPLOYMENT_TARGET = 17.2;
				LD_RUNPATH_SEARCH_PATHS = (
					"$(inherited)",
					"@executable_path/Frameworks",
					"@executable_path/../../Frameworks",
				);
				MARKETING_VERSION = 1.0;
				PRODUCT_BUNDLE_IDENTIFIER = co.kr.coolmint.weekly.MLBLiveScore.MLBTeamIntents;
				PRODUCT_NAME = "$(TARGET_NAME)";
				SDKROOT = iphoneos;
				SKIP_INSTALL = YES;
				SWIFT_EMIT_LOC_STRINGS = YES;
				SWIFT_VERSION = 5.0;
				TARGETED_DEVICE_FAMILY = "1,2";
				VALIDATE_PRODUCT = YES;
			};
			name = Release;
		};
		3BB8C4672BFB1F79007F545D /* Debug */ = {
			isa = XCBuildConfiguration;
			buildSettings = {
				ASSETCATALOG_COMPILER_GLOBAL_ACCENT_COLOR_NAME = AccentColor;
				ASSETCATALOG_COMPILER_WIDGET_BACKGROUND_COLOR_NAME = WidgetBackground;
				CODE_SIGN_STYLE = Automatic;
				CURRENT_PROJECT_VERSION = 1;
				DEVELOPMENT_TEAM = 74W3A2V78T;
				GENERATE_INFOPLIST_FILE = YES;
				INFOPLIST_FILE = LiveActivities/Info.plist;
				INFOPLIST_KEY_CFBundleDisplayName = LiveActivities;
				INFOPLIST_KEY_NSHumanReadableCopyright = "";
				IPHONEOS_DEPLOYMENT_TARGET = 17.2;
				LD_RUNPATH_SEARCH_PATHS = (
					"$(inherited)",
					"@executable_path/Frameworks",
					"@executable_path/../../Frameworks",
				);
				MARKETING_VERSION = 1.0;
				PRODUCT_BUNDLE_IDENTIFIER = co.kr.coolmint.weekly.MLBLiveScore.LiveActivities;
				PRODUCT_NAME = "$(TARGET_NAME)";
				SDKROOT = iphoneos;
				SKIP_INSTALL = YES;
				SWIFT_EMIT_LOC_STRINGS = YES;
				SWIFT_VERSION = 5.0;
				TARGETED_DEVICE_FAMILY = "1,2";
			};
			name = Debug;
		};
		3BB8C4682BFB1F79007F545D /* Release */ = {
			isa = XCBuildConfiguration;
			buildSettings = {
				ASSETCATALOG_COMPILER_GLOBAL_ACCENT_COLOR_NAME = AccentColor;
				ASSETCATALOG_COMPILER_WIDGET_BACKGROUND_COLOR_NAME = WidgetBackground;
				CODE_SIGN_STYLE = Automatic;
				CURRENT_PROJECT_VERSION = 1;
				DEVELOPMENT_TEAM = 74W3A2V78T;
				GENERATE_INFOPLIST_FILE = YES;
				INFOPLIST_FILE = LiveActivities/Info.plist;
				INFOPLIST_KEY_CFBundleDisplayName = LiveActivities;
				INFOPLIST_KEY_NSHumanReadableCopyright = "";
				IPHONEOS_DEPLOYMENT_TARGET = 17.2;
				LD_RUNPATH_SEARCH_PATHS = (
					"$(inherited)",
					"@executable_path/Frameworks",
					"@executable_path/../../Frameworks",
				);
				MARKETING_VERSION = 1.0;
				PRODUCT_BUNDLE_IDENTIFIER = co.kr.coolmint.weekly.MLBLiveScore.LiveActivities;
				PRODUCT_NAME = "$(TARGET_NAME)";
				SDKROOT = iphoneos;
				SKIP_INSTALL = YES;
				SWIFT_EMIT_LOC_STRINGS = YES;
				SWIFT_VERSION = 5.0;
				TARGETED_DEVICE_FAMILY = "1,2";
				VALIDATE_PRODUCT = YES;
			};
			name = Release;
		};
		3BBAEAA52BECB89900192FED /* Debug */ = {
			isa = XCBuildConfiguration;
			buildSettings = {
				ALWAYS_SEARCH_USER_PATHS = NO;
				ASSETCATALOG_COMPILER_GENERATE_SWIFT_ASSET_SYMBOL_EXTENSIONS = YES;
				CLANG_ANALYZER_NONNULL = YES;
				CLANG_ANALYZER_NUMBER_OBJECT_CONVERSION = YES_AGGRESSIVE;
				CLANG_CXX_LANGUAGE_STANDARD = "gnu++20";
				CLANG_ENABLE_MODULES = YES;
				CLANG_ENABLE_OBJC_ARC = YES;
				CLANG_ENABLE_OBJC_WEAK = YES;
				CLANG_WARN_BLOCK_CAPTURE_AUTORELEASING = YES;
				CLANG_WARN_BOOL_CONVERSION = YES;
				CLANG_WARN_COMMA = YES;
				CLANG_WARN_CONSTANT_CONVERSION = YES;
				CLANG_WARN_DEPRECATED_OBJC_IMPLEMENTATIONS = YES;
				CLANG_WARN_DIRECT_OBJC_ISA_USAGE = YES_ERROR;
				CLANG_WARN_DOCUMENTATION_COMMENTS = YES;
				CLANG_WARN_EMPTY_BODY = YES;
				CLANG_WARN_ENUM_CONVERSION = YES;
				CLANG_WARN_INFINITE_RECURSION = YES;
				CLANG_WARN_INT_CONVERSION = YES;
				CLANG_WARN_NON_LITERAL_NULL_CONVERSION = YES;
				CLANG_WARN_OBJC_IMPLICIT_RETAIN_SELF = YES;
				CLANG_WARN_OBJC_LITERAL_CONVERSION = YES;
				CLANG_WARN_OBJC_ROOT_CLASS = YES_ERROR;
				CLANG_WARN_QUOTED_INCLUDE_IN_FRAMEWORK_HEADER = YES;
				CLANG_WARN_RANGE_LOOP_ANALYSIS = YES;
				CLANG_WARN_STRICT_PROTOTYPES = YES;
				CLANG_WARN_SUSPICIOUS_MOVE = YES;
				CLANG_WARN_UNGUARDED_AVAILABILITY = YES_AGGRESSIVE;
				CLANG_WARN_UNREACHABLE_CODE = YES;
				CLANG_WARN__DUPLICATE_METHOD_MATCH = YES;
				COPY_PHASE_STRIP = NO;
				DEBUG_INFORMATION_FORMAT = dwarf;
				ENABLE_STRICT_OBJC_MSGSEND = YES;
				ENABLE_TESTABILITY = YES;
				ENABLE_USER_SCRIPT_SANDBOXING = YES;
				GCC_C_LANGUAGE_STANDARD = gnu17;
				GCC_DYNAMIC_NO_PIC = NO;
				GCC_NO_COMMON_BLOCKS = YES;
				GCC_OPTIMIZATION_LEVEL = 0;
				GCC_PREPROCESSOR_DEFINITIONS = (
					"DEBUG=1",
					"$(inherited)",
				);
				GCC_WARN_64_TO_32_BIT_CONVERSION = YES;
				GCC_WARN_ABOUT_RETURN_TYPE = YES_ERROR;
				GCC_WARN_UNDECLARED_SELECTOR = YES;
				GCC_WARN_UNINITIALIZED_AUTOS = YES_AGGRESSIVE;
				GCC_WARN_UNUSED_FUNCTION = YES;
				GCC_WARN_UNUSED_VARIABLE = YES;
				LOCALIZATION_PREFERS_STRING_CATALOGS = YES;
				MTL_ENABLE_DEBUG_INFO = INCLUDE_SOURCE;
				MTL_FAST_MATH = YES;
				ONLY_ACTIVE_ARCH = YES;
				SWIFT_ACTIVE_COMPILATION_CONDITIONS = "DEBUG $(inherited)";
				SWIFT_OPTIMIZATION_LEVEL = "-Onone";
			};
			name = Debug;
		};
		3BBAEAA62BECB89900192FED /* Release */ = {
			isa = XCBuildConfiguration;
			buildSettings = {
				ALWAYS_SEARCH_USER_PATHS = NO;
				ASSETCATALOG_COMPILER_GENERATE_SWIFT_ASSET_SYMBOL_EXTENSIONS = YES;
				CLANG_ANALYZER_NONNULL = YES;
				CLANG_ANALYZER_NUMBER_OBJECT_CONVERSION = YES_AGGRESSIVE;
				CLANG_CXX_LANGUAGE_STANDARD = "gnu++20";
				CLANG_ENABLE_MODULES = YES;
				CLANG_ENABLE_OBJC_ARC = YES;
				CLANG_ENABLE_OBJC_WEAK = YES;
				CLANG_WARN_BLOCK_CAPTURE_AUTORELEASING = YES;
				CLANG_WARN_BOOL_CONVERSION = YES;
				CLANG_WARN_COMMA = YES;
				CLANG_WARN_CONSTANT_CONVERSION = YES;
				CLANG_WARN_DEPRECATED_OBJC_IMPLEMENTATIONS = YES;
				CLANG_WARN_DIRECT_OBJC_ISA_USAGE = YES_ERROR;
				CLANG_WARN_DOCUMENTATION_COMMENTS = YES;
				CLANG_WARN_EMPTY_BODY = YES;
				CLANG_WARN_ENUM_CONVERSION = YES;
				CLANG_WARN_INFINITE_RECURSION = YES;
				CLANG_WARN_INT_CONVERSION = YES;
				CLANG_WARN_NON_LITERAL_NULL_CONVERSION = YES;
				CLANG_WARN_OBJC_IMPLICIT_RETAIN_SELF = YES;
				CLANG_WARN_OBJC_LITERAL_CONVERSION = YES;
				CLANG_WARN_OBJC_ROOT_CLASS = YES_ERROR;
				CLANG_WARN_QUOTED_INCLUDE_IN_FRAMEWORK_HEADER = YES;
				CLANG_WARN_RANGE_LOOP_ANALYSIS = YES;
				CLANG_WARN_STRICT_PROTOTYPES = YES;
				CLANG_WARN_SUSPICIOUS_MOVE = YES;
				CLANG_WARN_UNGUARDED_AVAILABILITY = YES_AGGRESSIVE;
				CLANG_WARN_UNREACHABLE_CODE = YES;
				CLANG_WARN__DUPLICATE_METHOD_MATCH = YES;
				COPY_PHASE_STRIP = NO;
				DEBUG_INFORMATION_FORMAT = "dwarf-with-dsym";
				ENABLE_NS_ASSERTIONS = NO;
				ENABLE_STRICT_OBJC_MSGSEND = YES;
				ENABLE_USER_SCRIPT_SANDBOXING = YES;
				GCC_C_LANGUAGE_STANDARD = gnu17;
				GCC_NO_COMMON_BLOCKS = YES;
				GCC_WARN_64_TO_32_BIT_CONVERSION = YES;
				GCC_WARN_ABOUT_RETURN_TYPE = YES_ERROR;
				GCC_WARN_UNDECLARED_SELECTOR = YES;
				GCC_WARN_UNINITIALIZED_AUTOS = YES_AGGRESSIVE;
				GCC_WARN_UNUSED_FUNCTION = YES;
				GCC_WARN_UNUSED_VARIABLE = YES;
				LOCALIZATION_PREFERS_STRING_CATALOGS = YES;
				MTL_ENABLE_DEBUG_INFO = NO;
				MTL_FAST_MATH = YES;
				SWIFT_COMPILATION_MODE = wholemodule;
			};
			name = Release;
		};
		3BBAEAA82BECB89900192FED /* Debug */ = {
			isa = XCBuildConfiguration;
			buildSettings = {
				ALWAYS_EMBED_SWIFT_STANDARD_LIBRARIES = YES;
				ASSETCATALOG_COMPILER_APPICON_NAME = AppIcon;
				ASSETCATALOG_COMPILER_GLOBAL_ACCENT_COLOR_NAME = AccentColor;
				CODE_SIGN_ENTITLEMENTS = MLBLiveScore/MLBLiveScore.entitlements;
				CODE_SIGN_STYLE = Automatic;
				CURRENT_PROJECT_VERSION = 1;
				DEVELOPMENT_ASSET_PATHS = "\"MLBLiveScore/Preview Content\"";
				DEVELOPMENT_TEAM = 74W3A2V78T;
				ENABLE_HARDENED_RUNTIME = YES;
				ENABLE_PREVIEWS = YES;
				GENERATE_INFOPLIST_FILE = YES;
				INFOPLIST_KEY_NSSupportsLiveActivities = YES;
				"INFOPLIST_KEY_UIApplicationSceneManifest_Generation[sdk=iphoneos*]" = YES;
				"INFOPLIST_KEY_UIApplicationSceneManifest_Generation[sdk=iphonesimulator*]" = YES;
				"INFOPLIST_KEY_UIApplicationSupportsIndirectInputEvents[sdk=iphoneos*]" = YES;
				"INFOPLIST_KEY_UIApplicationSupportsIndirectInputEvents[sdk=iphonesimulator*]" = YES;
				"INFOPLIST_KEY_UILaunchScreen_Generation[sdk=iphoneos*]" = YES;
				"INFOPLIST_KEY_UILaunchScreen_Generation[sdk=iphonesimulator*]" = YES;
				"INFOPLIST_KEY_UIStatusBarStyle[sdk=iphoneos*]" = UIStatusBarStyleDefault;
				"INFOPLIST_KEY_UIStatusBarStyle[sdk=iphonesimulator*]" = UIStatusBarStyleDefault;
				INFOPLIST_KEY_UISupportedInterfaceOrientations_iPad = "UIInterfaceOrientationPortrait UIInterfaceOrientationPortraitUpsideDown UIInterfaceOrientationLandscapeLeft UIInterfaceOrientationLandscapeRight";
				INFOPLIST_KEY_UISupportedInterfaceOrientations_iPhone = "UIInterfaceOrientationPortrait UIInterfaceOrientationLandscapeLeft UIInterfaceOrientationLandscapeRight";
				IPHONEOS_DEPLOYMENT_TARGET = 17.0;
				LD_RUNPATH_SEARCH_PATHS = "@executable_path/Frameworks";
				"LD_RUNPATH_SEARCH_PATHS[sdk=macosx*]" = "@executable_path/../Frameworks";
				MACOSX_DEPLOYMENT_TARGET = 14.0;
				MARKETING_VERSION = 1.0;
				PRODUCT_BUNDLE_IDENTIFIER = co.kr.coolmint.weekly.MLBLiveScore;
				PRODUCT_NAME = "$(TARGET_NAME)";
				SDKROOT = auto;
				SUPPORTED_PLATFORMS = "iphoneos iphonesimulator";
				SUPPORTS_MACCATALYST = NO;
				SUPPORTS_MAC_DESIGNED_FOR_IPHONE_IPAD = YES;
				SWIFT_EMIT_LOC_STRINGS = YES;
				SWIFT_VERSION = 5.0;
				TARGETED_DEVICE_FAMILY = "1,2";
			};
			name = Debug;
		};
		3BBAEAA92BECB89900192FED /* Release */ = {
			isa = XCBuildConfiguration;
			buildSettings = {
				ALWAYS_EMBED_SWIFT_STANDARD_LIBRARIES = YES;
				ASSETCATALOG_COMPILER_APPICON_NAME = AppIcon;
				ASSETCATALOG_COMPILER_GLOBAL_ACCENT_COLOR_NAME = AccentColor;
				CODE_SIGN_ENTITLEMENTS = MLBLiveScore/MLBLiveScore.entitlements;
				CODE_SIGN_STYLE = Automatic;
				CURRENT_PROJECT_VERSION = 1;
				DEVELOPMENT_ASSET_PATHS = "\"MLBLiveScore/Preview Content\"";
				DEVELOPMENT_TEAM = 74W3A2V78T;
				ENABLE_HARDENED_RUNTIME = YES;
				ENABLE_PREVIEWS = YES;
				GENERATE_INFOPLIST_FILE = YES;
				INFOPLIST_KEY_NSSupportsLiveActivities = YES;
				"INFOPLIST_KEY_UIApplicationSceneManifest_Generation[sdk=iphoneos*]" = YES;
				"INFOPLIST_KEY_UIApplicationSceneManifest_Generation[sdk=iphonesimulator*]" = YES;
				"INFOPLIST_KEY_UIApplicationSupportsIndirectInputEvents[sdk=iphoneos*]" = YES;
				"INFOPLIST_KEY_UIApplicationSupportsIndirectInputEvents[sdk=iphonesimulator*]" = YES;
				"INFOPLIST_KEY_UILaunchScreen_Generation[sdk=iphoneos*]" = YES;
				"INFOPLIST_KEY_UILaunchScreen_Generation[sdk=iphonesimulator*]" = YES;
				"INFOPLIST_KEY_UIStatusBarStyle[sdk=iphoneos*]" = UIStatusBarStyleDefault;
				"INFOPLIST_KEY_UIStatusBarStyle[sdk=iphonesimulator*]" = UIStatusBarStyleDefault;
				INFOPLIST_KEY_UISupportedInterfaceOrientations_iPad = "UIInterfaceOrientationPortrait UIInterfaceOrientationPortraitUpsideDown UIInterfaceOrientationLandscapeLeft UIInterfaceOrientationLandscapeRight";
				INFOPLIST_KEY_UISupportedInterfaceOrientations_iPhone = "UIInterfaceOrientationPortrait UIInterfaceOrientationLandscapeLeft UIInterfaceOrientationLandscapeRight";
				IPHONEOS_DEPLOYMENT_TARGET = 17.0;
				LD_RUNPATH_SEARCH_PATHS = "@executable_path/Frameworks";
				"LD_RUNPATH_SEARCH_PATHS[sdk=macosx*]" = "@executable_path/../Frameworks";
				MACOSX_DEPLOYMENT_TARGET = 14.0;
				MARKETING_VERSION = 1.0;
				PRODUCT_BUNDLE_IDENTIFIER = co.kr.coolmint.weekly.MLBLiveScore;
				PRODUCT_NAME = "$(TARGET_NAME)";
				SDKROOT = auto;
				SUPPORTED_PLATFORMS = "iphoneos iphonesimulator";
				SUPPORTS_MACCATALYST = NO;
				SUPPORTS_MAC_DESIGNED_FOR_IPHONE_IPAD = YES;
				SWIFT_EMIT_LOC_STRINGS = YES;
				SWIFT_VERSION = 5.0;
				TARGETED_DEVICE_FAMILY = "1,2";
			};
			name = Release;
		};
		3BCADD422BF5C18300340FAD /* Debug */ = {
			isa = XCBuildConfiguration;
			buildSettings = {
				ASSETCATALOG_COMPILER_GLOBAL_ACCENT_COLOR_NAME = AccentColor;
				ASSETCATALOG_COMPILER_WIDGET_BACKGROUND_COLOR_NAME = WidgetBackground;
				CODE_SIGN_STYLE = Automatic;
				CURRENT_PROJECT_VERSION = 1;
				DEVELOPMENT_TEAM = 74W3A2V78T;
				GENERATE_INFOPLIST_FILE = YES;
				INFOPLIST_FILE = MLBLiveWidget/Info.plist;
				INFOPLIST_KEY_CFBundleDisplayName = MLBLiveWidget;
				INFOPLIST_KEY_NSHumanReadableCopyright = "";
				IPHONEOS_DEPLOYMENT_TARGET = 17.2;
				LD_RUNPATH_SEARCH_PATHS = (
					"$(inherited)",
					"@executable_path/Frameworks",
					"@executable_path/../../Frameworks",
				);
				MARKETING_VERSION = 1.0;
				PRODUCT_BUNDLE_IDENTIFIER = co.kr.coolmint.weekly.MLBLiveScore.MLBLiveWidget;
				PRODUCT_NAME = "$(TARGET_NAME)";
				SDKROOT = iphoneos;
				SKIP_INSTALL = YES;
				SWIFT_EMIT_LOC_STRINGS = YES;
				SWIFT_VERSION = 5.0;
				TARGETED_DEVICE_FAMILY = "1,2";
			};
			name = Debug;
		};
		3BCADD432BF5C18300340FAD /* Release */ = {
			isa = XCBuildConfiguration;
			buildSettings = {
				ASSETCATALOG_COMPILER_GLOBAL_ACCENT_COLOR_NAME = AccentColor;
				ASSETCATALOG_COMPILER_WIDGET_BACKGROUND_COLOR_NAME = WidgetBackground;
				CODE_SIGN_STYLE = Automatic;
				CURRENT_PROJECT_VERSION = 1;
				DEVELOPMENT_TEAM = 74W3A2V78T;
				GENERATE_INFOPLIST_FILE = YES;
				INFOPLIST_FILE = MLBLiveWidget/Info.plist;
				INFOPLIST_KEY_CFBundleDisplayName = MLBLiveWidget;
				INFOPLIST_KEY_NSHumanReadableCopyright = "";
				IPHONEOS_DEPLOYMENT_TARGET = 17.2;
				LD_RUNPATH_SEARCH_PATHS = (
					"$(inherited)",
					"@executable_path/Frameworks",
					"@executable_path/../../Frameworks",
				);
				MARKETING_VERSION = 1.0;
				PRODUCT_BUNDLE_IDENTIFIER = co.kr.coolmint.weekly.MLBLiveScore.MLBLiveWidget;
				PRODUCT_NAME = "$(TARGET_NAME)";
				SDKROOT = iphoneos;
				SKIP_INSTALL = YES;
				SWIFT_EMIT_LOC_STRINGS = YES;
				SWIFT_VERSION = 5.0;
				TARGETED_DEVICE_FAMILY = "1,2";
				VALIDATE_PRODUCT = YES;
			};
			name = Release;
		};
/* End XCBuildConfiguration section */

/* Begin XCConfigurationList section */
		3BB8C4472BFAD4A4007F545D /* Build configuration list for PBXNativeTarget "MLBTeamIntents" */ = {
			isa = XCConfigurationList;
			buildConfigurations = (
				3BB8C4482BFAD4A4007F545D /* Debug */,
				3BB8C4492BFAD4A4007F545D /* Release */,
			);
			defaultConfigurationIsVisible = 0;
			defaultConfigurationName = Release;
		};
		3BB8C4662BFB1F79007F545D /* Build configuration list for PBXNativeTarget "LiveActivitiesExtension" */ = {
			isa = XCConfigurationList;
			buildConfigurations = (
				3BB8C4672BFB1F79007F545D /* Debug */,
				3BB8C4682BFB1F79007F545D /* Release */,
			);
			defaultConfigurationIsVisible = 0;
			defaultConfigurationName = Release;
		};
		3BBAEA932BECB89800192FED /* Build configuration list for PBXProject "MLBLiveScore" */ = {
			isa = XCConfigurationList;
			buildConfigurations = (
				3BBAEAA52BECB89900192FED /* Debug */,
				3BBAEAA62BECB89900192FED /* Release */,
			);
			defaultConfigurationIsVisible = 0;
			defaultConfigurationName = Release;
		};
		3BBAEAA72BECB89900192FED /* Build configuration list for PBXNativeTarget "MLBLiveScore" */ = {
			isa = XCConfigurationList;
			buildConfigurations = (
				3BBAEAA82BECB89900192FED /* Debug */,
				3BBAEAA92BECB89900192FED /* Release */,
			);
			defaultConfigurationIsVisible = 0;
			defaultConfigurationName = Release;
		};
		3BCADD412BF5C18300340FAD /* Build configuration list for PBXNativeTarget "MLBLiveWidgetExtension" */ = {
			isa = XCConfigurationList;
			buildConfigurations = (
				3BCADD422BF5C18300340FAD /* Debug */,
				3BCADD432BF5C18300340FAD /* Release */,
			);
			defaultConfigurationIsVisible = 0;
			defaultConfigurationName = Release;
		};
/* End XCConfigurationList section */

/* Begin XCRemoteSwiftPackageReference section */
		3BBAEAAE2BED935600192FED /* XCRemoteSwiftPackageReference "Kingfisher" */ = {
			isa = XCRemoteSwiftPackageReference;
			repositoryURL = "https://github.com/onevcat/Kingfisher";
			requirement = {
				kind = upToNextMajorVersion;
				minimumVersion = 7.11.0;
			};
		};
		3BBAEAB12BED936F00192FED /* XCRemoteSwiftPackageReference "SwiftDate" */ = {
			isa = XCRemoteSwiftPackageReference;
			repositoryURL = "https://github.com/malcommac/SwiftDate";
			requirement = {
				kind = upToNextMajorVersion;
				minimumVersion = 7.0.0;
			};
		};
/* End XCRemoteSwiftPackageReference section */

/* Begin XCSwiftPackageProductDependency section */
		3BAFBCEE2BF747270077FB82 /* SwiftDate */ = {
			isa = XCSwiftPackageProductDependency;
			package = 3BBAEAB12BED936F00192FED /* XCRemoteSwiftPackageReference "SwiftDate" */;
			productName = SwiftDate;
		};
		3BB8C46C2BFB4197007F545D /* MLBStatsProvider */ = {
			isa = XCSwiftPackageProductDependency;
			productName = MLBStatsProvider;
		};
		3BB8C46E2BFB41AC007F545D /* MLBResponse */ = {
			isa = XCSwiftPackageProductDependency;
			productName = MLBResponse;
		};
		3BBAEAAF2BED935600192FED /* Kingfisher */ = {
			isa = XCSwiftPackageProductDependency;
			package = 3BBAEAAE2BED935600192FED /* XCRemoteSwiftPackageReference "Kingfisher" */;
			productName = Kingfisher;
		};
		3BBAEAB22BED936F00192FED /* SwiftDate */ = {
			isa = XCSwiftPackageProductDependency;
			package = 3BBAEAB12BED936F00192FED /* XCRemoteSwiftPackageReference "SwiftDate" */;
			productName = SwiftDate;
		};
/* End XCSwiftPackageProductDependency section */
	};
	rootObject = 3BBAEA902BECB89800192FED /* Project object */;
}
